
Microsoft Visual Studio Solution File, Format Version 12.00
# Visual Studio Version 16
VisualStudioVersion = 16.0.29424.173
MinimumVisualStudioVersion = 10.0.40219.1
Project("{FAE04EC0-301F-11D3-BF4B-00C04F79EFBC}") = "battleShip", "battleShip\battleShip.csproj", "{98C939C1-3C1E-4B22-B845-B1181AED9177}"
EndProject
Global
	GlobalSection(SolutionConfigurationPlatforms) = preSolution
		Debug|Any CPU = Debug|Any CPU
		Release|Any CPU = Release|Any CPU
	EndGlobalSection
	GlobalSection(ProjectConfigurationPlatforms) = postSolution
		{98C939C1-3C1E-4B22-B845-B1181AED9177}.Debug|Any CPU.ActiveCfg = Debug|Any CPU
		{98C939C1-3C1E-4B22-B845-B1181AED9177}.Debug|Any CPU.Build.0 = Debug|Any CPU
		{98C939C1-3C1E-4B22-B845-B1181AED9177}.Release|Any CPU.ActiveCfg = Release|Any CPU
		{98C939C1-3C1E-4B22-B845-B1181AED9177}.Release|Any CPU.Build.0 = Release|Any CPU
	EndGlobalSection
	GlobalSection(SolutionProperties) = preSolution
		HideSolutionNode = FALSE
	EndGlobalSection
	GlobalSection(ExtensibilityGlobals) = postSolution
		SolutionGuid = {E4FE5DF5-F14C-43F3-B433-CD63CE82422A}
	EndGlobalSection
EndGlobal
